
Microsoft Visual Studio Solution File, Format Version 12.00
# Visual Studio Version 16
VisualStudioVersion = 16.0.32228.343
MinimumVisualStudioVersion = 10.0.40219.1
Project("{2150E333-8FDC-42A3-9474-1A3956D46DE8}") = "src", "src", "{D4CBCEE6-0605-4532-85D2-A3F1EFBBA6EC}"
EndProject
Project("{2150E333-8FDC-42A3-9474-1A3956D46DE8}") = "Nav.Core", "Nav.Core", "{EB321F5F-4A4D-4AF4-AE4E-E6861CBD24D0}"
EndProject
Project("{2150E333-8FDC-42A3-9474-1A3956D46DE8}") = "Nav.Infrastructure", "Nav.Infrastructure", "{5863D371-CEC1-4D52-B2D8-A957A6BD3FEB}"
EndProject
Project("{2150E333-8FDC-42A3-9474-1A3956D46DE8}") = "Nav.Application", "Nav.Application", "{EAFADB29-BE6A-4104-94D4-648EF109FBB2}"
EndProject
Project("{2150E333-8FDC-42A3-9474-1A3956D46DE8}") = "Nav.API", "Nav.API", "{D82234BF-F2EA-49E9-9C44-A41ACA5E8163}"
EndProject
Project("{9A19103F-16F7-4668-BE54-9A1E7A4F7556}") = "Nav.Core", "Nav.Core\Nav.Core.csproj", "{7ED0B27C-4D34-4A53-AD30-8DC6A0F3A5AA}"
EndProject
Project("{9A19103F-16F7-4668-BE54-9A1E7A4F7556}") = "Nav.Infrastructure", "Nav.Infrastructure\Nav.Infrastructure.csproj", "{3D8A45A9-1462-4203-8ECE-FD11951D0406}"
EndProject
Project("{9A19103F-16F7-4668-BE54-9A1E7A4F7556}") = "Nav.API", "Nav.API\Nav.API\Nav.API.csproj", "{F9E25380-C07F-474E-8B34-1CC2F24668B7}"
EndProject
Project("{9A19103F-16F7-4668-BE54-9A1E7A4F7556}") = "Nav.Application", "Nav.Application\Nav.Application.csproj", "{876E113C-7580-4D90-8F13-D6473DA483A6}"
EndProject
Project("{E53339B2-1760-4266-BCC7-CA923CBCF16C}") = "docker-compose", "docker-compose.dcproj", "{753E7C50-103B-4BB0-AA2B-E5B1B824D7E1}"
EndProject
Global
	GlobalSection(SolutionConfigurationPlatforms) = preSolution
		Debug|Any CPU = Debug|Any CPU
		Release|Any CPU = Release|Any CPU
	EndGlobalSection
	GlobalSection(ProjectConfigurationPlatforms) = postSolution
		{7ED0B27C-4D34-4A53-AD30-8DC6A0F3A5AA}.Debug|Any CPU.ActiveCfg = Debug|Any CPU
		{7ED0B27C-4D34-4A53-AD30-8DC6A0F3A5AA}.Debug|Any CPU.Build.0 = Debug|Any CPU
		{7ED0B27C-4D34-4A53-AD30-8DC6A0F3A5AA}.Release|Any CPU.ActiveCfg = Release|Any CPU
		{7ED0B27C-4D34-4A53-AD30-8DC6A0F3A5AA}.Release|Any CPU.Build.0 = Release|Any CPU
		{3D8A45A9-1462-4203-8ECE-FD11951D0406}.Debug|Any CPU.ActiveCfg = Debug|Any CPU
		{3D8A45A9-1462-4203-8ECE-FD11951D0406}.Debug|Any CPU.Build.0 = Debug|Any CPU
		{3D8A45A9-1462-4203-8ECE-FD11951D0406}.Release|Any CPU.ActiveCfg = Release|Any CPU
		{3D8A45A9-1462-4203-8ECE-FD11951D0406}.Release|Any CPU.Build.0 = Release|Any CPU
		{F9E25380-C07F-474E-8B34-1CC2F24668B7}.Debug|Any CPU.ActiveCfg = Debug|Any CPU
		{F9E25380-C07F-474E-8B34-1CC2F24668B7}.Debug|Any CPU.Build.0 = Debug|Any CPU
		{F9E25380-C07F-474E-8B34-1CC2F24668B7}.Release|Any CPU.ActiveCfg = Release|Any CPU
		{F9E25380-C07F-474E-8B34-1CC2F24668B7}.Release|Any CPU.Build.0 = Release|Any CPU
		{876E113C-7580-4D90-8F13-D6473DA483A6}.Debug|Any CPU.ActiveCfg = Debug|Any CPU
		{876E113C-7580-4D90-8F13-D6473DA483A6}.Debug|Any CPU.Build.0 = Debug|Any CPU
		{876E113C-7580-4D90-8F13-D6473DA483A6}.Release|Any CPU.ActiveCfg = Release|Any CPU
		{876E113C-7580-4D90-8F13-D6473DA483A6}.Release|Any CPU.Build.0 = Release|Any CPU
		{753E7C50-103B-4BB0-AA2B-E5B1B824D7E1}.Debug|Any CPU.ActiveCfg = Debug|Any CPU
		{753E7C50-103B-4BB0-AA2B-E5B1B824D7E1}.Debug|Any CPU.Build.0 = Debug|Any CPU
		{753E7C50-103B-4BB0-AA2B-E5B1B824D7E1}.Release|Any CPU.ActiveCfg = Release|Any CPU
		{753E7C50-103B-4BB0-AA2B-E5B1B824D7E1}.Release|Any CPU.Build.0 = Release|Any CPU
	EndGlobalSection
	GlobalSection(SolutionProperties) = preSolution
		HideSolutionNode = FALSE
	EndGlobalSection
	GlobalSection(NestedProjects) = preSolution
		{EB321F5F-4A4D-4AF4-AE4E-E6861CBD24D0} = {D4CBCEE6-0605-4532-85D2-A3F1EFBBA6EC}
		{5863D371-CEC1-4D52-B2D8-A957A6BD3FEB} = {D4CBCEE6-0605-4532-85D2-A3F1EFBBA6EC}
		{EAFADB29-BE6A-4104-94D4-648EF109FBB2} = {D4CBCEE6-0605-4532-85D2-A3F1EFBBA6EC}
		{D82234BF-F2EA-49E9-9C44-A41ACA5E8163} = {D4CBCEE6-0605-4532-85D2-A3F1EFBBA6EC}
		{7ED0B27C-4D34-4A53-AD30-8DC6A0F3A5AA} = {EB321F5F-4A4D-4AF4-AE4E-E6861CBD24D0}
		{3D8A45A9-1462-4203-8ECE-FD11951D0406} = {5863D371-CEC1-4D52-B2D8-A957A6BD3FEB}
		{F9E25380-C07F-474E-8B34-1CC2F24668B7} = {D82234BF-F2EA-49E9-9C44-A41ACA5E8163}
		{876E113C-7580-4D90-8F13-D6473DA483A6} = {EAFADB29-BE6A-4104-94D4-648EF109FBB2}
	EndGlobalSection
	GlobalSection(ExtensibilityGlobals) = postSolution
		SolutionGuid = {5DE30C0A-11BE-4F33-83D1-4A8B3291A463}
	EndGlobalSection
EndGlobal
